// !$*UTF8*$!
{
	archiveVersion = 1;
	classes = {
	};
	objectVersion = 77;
	objects = {

/* Begin PBXContainerItemProxy section */
		222692242E34068000B33CBF /* PBXContainerItemProxy */ = {
			isa = PBXContainerItemProxy;
			containerPortal = 2226920E2E34067E00B33CBF /* Project object */;
			proxyType = 1;
			remoteGlobalIDString = 222692152E34067E00B33CBF;
			remoteInfo = MyGBUStudent2;
		};
		2226922E2E34068000B33CBF /* PBXContainerItemProxy */ = {
			isa = PBXContainerItemProxy;
			containerPortal = 2226920E2E34067E00B33CBF /* Project object */;
			proxyType = 1;
			remoteGlobalIDString = 222692152E34067E00B33CBF;
			remoteInfo = MyGBUStudent2;
		};
/* End PBXContainerItemProxy section */

/* Begin PBXFileReference section */
		222692162E34067E00B33CBF /* MyGBUStudent2.app */ = {isa = PBXFileReference; explicitFileType = wrapper.application; includeInIndex = 0; path = MyGBUStudent2.app; sourceTree = BUILT_PRODUCTS_DIR; };
		222692232E34068000B33CBF /* MyGBUStudent2Tests.xctest */ = {isa = PBXFileReference; explicitFileType = wrapper.cfbundle; includeInIndex = 0; path = MyGBUStudent2Tests.xctest; sourceTree = BUILT_PRODUCTS_DIR; };
		2226922D2E34068000B33CBF /* MyGBUStudent2UITests.xctest */ = {isa = PBXFileReference; explicitFileType = wrapper.cfbundle; includeInIndex = 0; path = MyGBUStudent2UITests.xctest; sourceTree = BUILT_PRODUCTS_DIR; };
/* End PBXFileReference section */

/* Begin PBXFileSystemSynchronizedRootGroup section */
		222692182E34067E00B33CBF /* MyGBUStudent2 */ = {
			isa = PBXFileSystemSynchronizedRootGroup;
			path = MyGBUStudent2;
			sourceTree = "<group>";
		};
		222692262E34068000B33CBF /* MyGBUStudent2Tests */ = {
			isa = PBXFileSystemSynchronizedRootGroup;
			path = MyGBUStudent2Tests;
			sourceTree = "<group>";
		};
		222692302E34068000B33CBF /* MyGBUStudent2UITests */ = {
			isa = PBXFileSystemSynchronizedRootGroup;
			path = MyGBUStudent2UITests;
			sourceTree = "<group>";
		};
/* End PBXFileSystemSynchronizedRootGroup section */

/* Begin PBXFrameworksBuildPhase section */
		222692132E34067E00B33CBF /* Frameworks */ = {
			isa = PBXFrameworksBuildPhase;
			buildActionMask = 2147483647;
			files = (
			);
			runOnlyForDeploymentPostprocessing = 0;
		};
		222692202E34068000B33CBF /* Frameworks */ = {
			isa = PBXFrameworksBuildPhase;
			buildActionMask = 2147483647;
			files = (
			);
			runOnlyForDeploymentPostprocessing = 0;
		};
		2226922A2E34068000B33CBF /* Frameworks */ = {
			isa = PBXFrameworksBuildPhase;
			buildActionMask = 2147483647;
			files = (
			);
			runOnlyForDeploymentPostprocessing = 0;
		};
/* End PBXFrameworksBuildPhase section */

/* Begin PBXGroup section */
		2226920D2E34067E00B33CBF = {
			isa = PBXGroup;
			children = (
				222692182E34067E00B33CBF /* MyGBUStudent2 */,
				222692262E34068000B33CBF /* MyGBUStudent2Tests */,
				222692302E34068000B33CBF /* MyGBUStudent2UITests */,
				222692172E34067E00B33CBF /* Products */,
			);
			sourceTree = "<group>";
		};
		222692172E34067E00B33CBF /* Products */ = {
			isa = PBXGroup;
			children = (
				222692162E34067E00B33CBF /* MyGBUStudent2.app */,
				222692232E34068000B33CBF /* MyGBUStudent2Tests.xctest */,
				2226922D2E34068000B33CBF /* MyGBUStudent2UITests.xctest */,
			);
			name = Products;
			sourceTree = "<group>";
		};
/* End PBXGroup section */

/* Begin PBXNativeTarget section */
		222692152E34067E00B33CBF /* MyGBUStudent2 */ = {
			isa = PBXNativeTarget;
			buildConfigurationList = 222692372E34068000B33CBF /* Build configuration list for PBXNativeTarget "MyGBUStudent2" */;
			buildPhases = (
				222692122E34067E00B33CBF /* Sources */,
				222692132E34067E00B33CBF /* Frameworks */,
				222692142E34067E00B33CBF /* Resources */,
			);
			buildRules = (
			);
			dependencies = (
			);
			fileSystemSynchronizedGroups = (
				222692182E34067E00B33CBF /* MyGBUStudent2 */,
			);
			name = MyGBUStudent2;
			packageProductDependencies = (
			);
			productName = MyGBUStudent2;
			productReference = 222692162E34067E00B33CBF /* MyGBUStudent2.app */;
			productType = "com.apple.product-type.application";
		};
		222692222E34068000B33CBF /* MyGBUStudent2Tests */ = {
			isa = PBXNativeTarget;
			buildConfigurationList = 2226923A2E34068000B33CBF /* Build configuration list for PBXNativeTarget "MyGBUStudent2Tests" */;
			buildPhases = (
				2226921F2E34068000B33CBF /* Sources */,
				222692202E34068000B33CBF /* Frameworks */,
				222692212E34068000B33CBF /* Resources */,
			);
			buildRules = (
			);
			dependencies = (
				222692252E34068000B33CBF /* PBXTargetDependency */,
			);
			fileSystemSynchronizedGroups = (
				222692262E34068000B33CBF /* MyGBUStudent2Tests */,
			);
			name = MyGBUStudent2Tests;
			packageProductDependencies = (
			);
			productName = MyGBUStudent2Tests;
			productReference = 222692232E34068000B33CBF /* MyGBUStudent2Tests.xctest */;
			productType = "com.apple.product-type.bundle.unit-test";
		};
		2226922C2E34068000B33CBF /* MyGBUStudent2UITests */ = {
			isa = PBXNativeTarget;
			buildConfigurationList = 2226923D2E34068000B33CBF /* Build configuration list for PBXNativeTarget "MyGBUStudent2UITests" */;
			buildPhases = (
				222692292E34068000B33CBF /* Sources */,
				2226922A2E34068000B33CBF /* Frameworks */,
				2226922B2E34068000B33CBF /* Resources */,
			);
			buildRules = (
			);
			dependencies = (
				2226922F2E34068000B33CBF /* PBXTargetDependency */,
			);
			fileSystemSynchronizedGroups = (
				222692302E34068000B33CBF /* MyGBUStudent2UITests */,
			);
			name = MyGBUStudent2UITests;
			packageProductDependencies = (
			);
			productName = MyGBUStudent2UITests;
			productReference = 2226922D2E34068000B33CBF /* MyGBUStudent2UITests.xctest */;
			productType = "com.apple.product-type.bundle.ui-testing";
		};
/* End PBXNativeTarget section */

/* Begin PBXProject section */
		2226920E2E34067E00B33CBF /* Project object */ = {
			isa = PBXProject;
			attributes = {
				BuildIndependentTargetsInParallel = 1;
				LastSwiftUpdateCheck = 1640;
				LastUpgradeCheck = 1640;
				TargetAttributes = {
					222692152E34067E00B33CBF = {
						CreatedOnToolsVersion = 16.4;
					};
					222692222E34068000B33CBF = {
						CreatedOnToolsVersion = 16.4;
						TestTargetID = 222692152E34067E00B33CBF;
					};
					2226922C2E34068000B33CBF = {
						CreatedOnToolsVersion = 16.4;
						TestTargetID = 222692152E34067E00B33CBF;
					};
				};
			};
			buildConfigurationList = 222692112E34067E00B33CBF /* Build configuration list for PBXProject "MyGBUStudent2" */;
			developmentRegion = en;
			hasScannedForEncodings = 0;
			knownRegions = (
				en,
				Base,
			);
			mainGroup = 2226920D2E34067E00B33CBF;
			minimizedProjectReferenceProxies = 1;
			preferredProjectObjectVersion = 77;
			productRefGroup = 222692172E34067E00B33CBF /* Products */;
			projectDirPath = "";
			projectRoot = "";
			targets = (
				222692152E34067E00B33CBF /* MyGBUStudent2 */,
				222692222E34068000B33CBF /* MyGBUStudent2Tests */,
				2226922C2E34068000B33CBF /* MyGBUStudent2UITests */,
			);
		};
/* End PBXProject section */

/* Begin PBXResourcesBuildPhase section */
		222692142E34067E00B33CBF /* Resources */ = {
			isa = PBXResourcesBuildPhase;
			buildActionMask = 2147483647;
			files = (
			);
			runOnlyForDeploymentPostprocessing = 0;
		};
		222692212E34068000B33CBF /* Resources */ = {
			isa = PBXResourcesBuildPhase;
			buildActionMask = 2147483647;
			files = (
			);
			runOnlyForDeploymentPostprocessing = 0;
		};
		2226922B2E34068000B33CBF /* Resources */ = {
			isa = PBXResourcesBuildPhase;
			buildActionMask = 2147483647;
			files = (
			);
			runOnlyForDeploymentPostprocessing = 0;
		};
/* End PBXResourcesBuildPhase section */

/* Begin PBXSourcesBuildPhase section */
		222692122E34067E00B33CBF /* Sources */ = {
			isa = PBXSourcesBuildPhase;
			buildActionMask = 2147483647;
			files = (
			);
			runOnlyForDeploymentPostprocessing = 0;
		};
		2226921F2E34068000B33CBF /* Sources */ = {
			isa = PBXSourcesBuildPhase;
			buildActionMask = 2147483647;
			files = (
			);
			runOnlyForDeploymentPostprocessing = 0;
		};
		222692292E34068000B33CBF /* Sources */ = {
			isa = PBXSourcesBuildPhase;
			buildActionMask = 2147483647;
			files = (
			);
			runOnlyForDeploymentPostprocessing = 0;
		};
/* End PBXSourcesBuildPhase section */

/* Begin PBXTargetDependency section */
		222692252E34068000B33CBF /* PBXTargetDependency */ = {
			isa = PBXTargetDependency;
			target = 222692152E34067E00B33CBF /* MyGBUStudent2 */;
			targetProxy = 222692242E34068000B33CBF /* PBXContainerItemProxy */;
		};
		2226922F2E34068000B33CBF /* PBXTargetDependency */ = {
			isa = PBXTargetDependency;
			target = 222692152E34067E00B33CBF /* MyGBUStudent2 */;
			targetProxy = 2226922E2E34068000B33CBF /* PBXContainerItemProxy */;
		};
/* End PBXTargetDependency section */

/* Begin XCBuildConfiguration section */
		222692352E34068000B33CBF /* Debug */ = {
			isa = XCBuildConfiguration;
			buildSettings = {
				ALWAYS_SEARCH_USER_PATHS = NO;
				ASSETCATALOG_COMPILER_GENERATE_SWIFT_ASSET_SYMBOL_EXTENSIONS = YES;
				CLANG_ANALYZER_NONNULL = YES;
				CLANG_ANALYZER_NUMBER_OBJECT_CONVERSION = YES_AGGRESSIVE;
				CLANG_CXX_LANGUAGE_STANDARD = "gnu++20";
				CLANG_ENABLE_MODULES = YES;
				CLANG_ENABLE_OBJC_ARC = YES;
				CLANG_ENABLE_OBJC_WEAK = YES;
				CLANG_WARN_BLOCK_CAPTURE_AUTORELEASING = YES;
				CLANG_WARN_BOOL_CONVERSION = YES;
				CLANG_WARN_COMMA = YES;
				CLANG_WARN_CONSTANT_CONVERSION = YES;
				CLANG_WARN_DEPRECATED_OBJC_IMPLEMENTATIONS = YES;
				CLANG_WARN_DIRECT_OBJC_ISA_USAGE = YES_ERROR;
				CLANG_WARN_DOCUMENTATION_COMMENTS = YES;
				CLANG_WARN_EMPTY_BODY = YES;
				CLANG_WARN_ENUM_CONVERSION = YES;
				CLANG_WARN_INFINITE_RECURSION = YES;
				CLANG_WARN_INT_CONVERSION = YES;
				CLANG_WARN_NON_LITERAL_NULL_CONVERSION = YES;
				CLANG_WARN_OBJC_IMPLICIT_RETAIN_SELF = YES;
				CLANG_WARN_OBJC_LITERAL_CONVERSION = YES;
				CLANG_WARN_OBJC_ROOT_CLASS = YES_ERROR;
				CLANG_WARN_QUOTED_INCLUDE_IN_FRAMEWORK_HEADER = YES;
				CLANG_WARN_RANGE_LOOP_ANALYSIS = YES;
				CLANG_WARN_STRICT_PROTOTYPES = YES;
				CLANG_WARN_SUSPICIOUS_MOVE = YES;
				CLANG_WARN_UNGUARDED_AVAILABILITY = YES_AGGRESSIVE;
				CLANG_WARN_UNREACHABLE_CODE = YES;
				CLANG_WARN__DUPLICATE_METHOD_MATCH = YES;
				COPY_PHASE_STRIP = NO;
				DEBUG_INFORMATION_FORMAT = dwarf;
				ENABLE_STRICT_OBJC_MSGSEND = YES;
				ENABLE_TESTABILITY = YES;
				ENABLE_USER_SCRIPT_SANDBOXING = YES;
				GCC_C_LANGUAGE_STANDARD = gnu17;
				GCC_DYNAMIC_NO_PIC = NO;
				GCC_NO_COMMON_BLOCKS = YES;
				GCC_OPTIMIZATION_LEVEL = 0;
				GCC_PREPROCESSOR_DEFINITIONS = (
					"DEBUG=1",
					"$(inherited)",
				);
				GCC_WARN_64_TO_32_BIT_CONVERSION = YES;
				GCC_WARN_ABOUT_RETURN_TYPE = YES_ERROR;
				GCC_WARN_UNDECLARED_SELECTOR = YES;
				GCC_WARN_UNINITIALIZED_AUTOS = YES_AGGRESSIVE;
				GCC_WARN_UNUSED_FUNCTION = YES;
				GCC_WARN_UNUSED_VARIABLE = YES;
				IPHONEOS_DEPLOYMENT_TARGET = 18.5;
				LOCALIZATION_PREFERS_STRING_CATALOGS = YES;
				MTL_ENABLE_DEBUG_INFO = INCLUDE_SOURCE;
				MTL_FAST_MATH = YES;
				ONLY_ACTIVE_ARCH = YES;
				SDKROOT = iphoneos;
				SWIFT_ACTIVE_COMPILATION_CONDITIONS = "DEBUG $(inherited)";
				SWIFT_OPTIMIZATION_LEVEL = "-Onone";
			};
			name = Debug;
		};
		222692362E34068000B33CBF /* Release */ = {
			isa = XCBuildConfiguration;
			buildSettings = {
				ALWAYS_SEARCH_USER_PATHS = NO;
				ASSETCATALOG_COMPILER_GENERATE_SWIFT_ASSET_SYMBOL_EXTENSIONS = YES;
				CLANG_ANALYZER_NONNULL = YES;
				CLANG_ANALYZER_NUMBER_OBJECT_CONVERSION = YES_AGGRESSIVE;
				CLANG_CXX_LANGUAGE_STANDARD = "gnu++20";
				CLANG_ENABLE_MODULES = YES;
				CLANG_ENABLE_OBJC_ARC = YES;
				CLANG_ENABLE_OBJC_WEAK = YES;
				CLANG_WARN_BLOCK_CAPTURE_AUTORELEASING = YES;
				CLANG_WARN_BOOL_CONVERSION = YES;
				CLANG_WARN_COMMA = YES;
				CLANG_WARN_CONSTANT_CONVERSION = YES;
				CLANG_WARN_DEPRECATED_OBJC_IMPLEMENTATIONS = YES;
				CLANG_WARN_DIRECT_OBJC_ISA_USAGE = YES_ERROR;
				CLANG_WARN_DOCUMENTATION_COMMENTS = YES;
				CLANG_WARN_EMPTY_BODY = YES;
				CLANG_WARN_ENUM_CONVERSION = YES;
				CLANG_WARN_INFINITE_RECURSION = YES;
				CLANG_WARN_INT_CONVERSION = YES;
				CLANG_WARN_NON_LITERAL_NULL_CONVERSION = YES;
				CLANG_WARN_OBJC_IMPLICIT_RETAIN_SELF = YES;
				CLANG_WARN_OBJC_LITERAL_CONVERSION = YES;
				CLANG_WARN_OBJC_ROOT_CLASS = YES_ERROR;
				CLANG_WARN_QUOTED_INCLUDE_IN_FRAMEWORK_HEADER = YES;
				CLANG_WARN_RANGE_LOOP_ANALYSIS = YES;
				CLANG_WARN_STRICT_PROTOTYPES = YES;
				CLANG_WARN_SUSPICIOUS_MOVE = YES;
				CLANG_WARN_UNGUARDED_AVAILABILITY = YES_AGGRESSIVE;
				CLANG_WARN_UNREACHABLE_CODE = YES;
				CLANG_WARN__DUPLICATE_METHOD_MATCH = YES;
				COPY_PHASE_STRIP = NO;
				DEBUG_INFORMATION_FORMAT = "dwarf-with-dsym";
				ENABLE_NS_ASSERTIONS = NO;
				ENABLE_STRICT_OBJC_MSGSEND = YES;
				ENABLE_USER_SCRIPT_SANDBOXING = YES;
				GCC_C_LANGUAGE_STANDARD = gnu17;
				GCC_NO_COMMON_BLOCKS = YES;
				GCC_WARN_64_TO_32_BIT_CONVERSION = YES;
				GCC_WARN_ABOUT_RETURN_TYPE = YES_ERROR;
				GCC_WARN_UNDECLARED_SELECTOR = YES;
				GCC_WARN_UNINITIALIZED_AUTOS = YES_AGGRESSIVE;
				GCC_WARN_UNUSED_FUNCTION = YES;
				GCC_WARN_UNUSED_VARIABLE = YES;
				IPHONEOS_DEPLOYMENT_TARGET = 18.5;
				LOCALIZATION_PREFERS_STRING_CATALOGS = YES;
				MTL_ENABLE_DEBUG_INFO = NO;
				MTL_FAST_MATH = YES;
				SDKROOT = iphoneos;
				SWIFT_COMPILATION_MODE = wholemodule;
				VALIDATE_PRODUCT = YES;
			};
			name = Release;
		};
		222692382E34068000B33CBF /* Debug */ = {
			isa = XCBuildConfiguration;
			buildSettings = {
				ASSETCATALOG_COMPILER_APPICON_NAME = AppIcon;
				ASSETCATALOG_COMPILER_GLOBAL_ACCENT_COLOR_NAME = AccentColor;
				CODE_SIGN_STYLE = Automatic;
				CURRENT_PROJECT_VERSION = 1;
				ENABLE_PREVIEWS = YES;
				GENERATE_INFOPLIST_FILE = YES;
				INFOPLIST_KEY_UIApplicationSceneManifest_Generation = YES;
				INFOPLIST_KEY_UIApplicationSupportsIndirectInputEvents = YES;
				INFOPLIST_KEY_UILaunchScreen_Generation = YES;
				INFOPLIST_KEY_UISupportedInterfaceOrientations_iPad = "UIInterfaceOrientationPortrait UIInterfaceOrientationPortraitUpsideDown UIInterfaceOrientationLandscapeLeft UIInterfaceOrientationLandscapeRight";
				INFOPLIST_KEY_UISupportedInterfaceOrientations_iPhone = "UIInterfaceOrientationPortrait UIInterfaceOrientationLandscapeLeft UIInterfaceOrientationLandscapeRight";
				LD_RUNPATH_SEARCH_PATHS = (
					"$(inherited)",
					"@executable_path/Frameworks",
				);
				MARKETING_VERSION = 1.0;
				PRODUCT_BUNDLE_IDENTIFIER = vaibhav.MyGBUStudent2;
				PRODUCT_NAME = "$(TARGET_NAME)";
				SWIFT_EMIT_LOC_STRINGS = YES;
				SWIFT_VERSION = 5.0;
				TARGETED_DEVICE_FAMILY = "1,2";
			};
			name = Debug;
		};
		222692392E34068000B33CBF /* Release */ = {
			isa = XCBuildConfiguration;
			buildSettings = {
				ASSETCATALOG_COMPILER_APPICON_NAME = AppIcon;
				ASSETCATALOG_COMPILER_GLOBAL_ACCENT_COLOR_NAME = AccentColor;
				CODE_SIGN_STYLE = Automatic;
				CURRENT_PROJECT_VERSION = 1;
				ENABLE_PREVIEWS = YES;
				GENERATE_INFOPLIST_FILE = YES;
				INFOPLIST_KEY_UIApplicationSceneManifest_Generation = YES;
				INFOPLIST_KEY_UIApplicationSupportsIndirectInputEvents = YES;
				INFOPLIST_KEY_UILaunchScreen_Generation = YES;
				INFOPLIST_KEY_UISupportedInterfaceOrientations_iPad = "UIInterfaceOrientationPortrait UIInterfaceOrientationPortraitUpsideDown UIInterfaceOrientationLandscapeLeft UIInterfaceOrientationLandscapeRight";
				INFOPLIST_KEY_UISupportedInterfaceOrientations_iPhone = "UIInterfaceOrientationPortrait UIInterfaceOrientationLandscapeLeft UIInterfaceOrientationLandscapeRight";
				LD_RUNPATH_SEARCH_PATHS = (
					"$(inherited)",
					"@executable_path/Frameworks",
				);
				MARKETING_VERSION = 1.0;
				PRODUCT_BUNDLE_IDENTIFIER = vaibhav.MyGBUStudent2;
				PRODUCT_NAME = "$(TARGET_NAME)";
				SWIFT_EMIT_LOC_STRINGS = YES;
				SWIFT_VERSION = 5.0;
				TARGETED_DEVICE_FAMILY = "1,2";
			};
			name = Release;
		};
		2226923B2E34068000B33CBF /* Debug */ = {
			isa = XCBuildConfiguration;
			buildSettings = {
				BUNDLE_LOADER = "$(TEST_HOST)";
				CODE_SIGN_STYLE = Automatic;
				CURRENT_PROJECT_VERSION = 1;
				GENERATE_INFOPLIST_FILE = YES;
				IPHONEOS_DEPLOYMENT_TARGET = 18.5;
				MARKETING_VERSION = 1.0;
				PRODUCT_BUNDLE_IDENTIFIER = vaibhav.MyGBUStudent2Tests;
				PRODUCT_NAME = "$(TARGET_NAME)";
				SWIFT_EMIT_LOC_STRINGS = NO;
				SWIFT_VERSION = 5.0;
				TARGETED_DEVICE_FAMILY = "1,2";
				TEST_HOST = "$(BUILT_PRODUCTS_DIR)/MyGBUStudent2.app/$(BUNDLE_EXECUTABLE_FOLDER_PATH)/MyGBUStudent2";
			};
			name = Debug;
		};
		2226923C2E34068000B33CBF /* Release */ = {
			isa = XCBuildConfiguration;
			buildSettings = {
				BUNDLE_LOADER = "$(TEST_HOST)";
				CODE_SIGN_STYLE = Automatic;
				CURRENT_PROJECT_VERSION = 1;
				GENERATE_INFOPLIST_FILE = YES;
				IPHONEOS_DEPLOYMENT_TARGET = 18.5;
				MARKETING_VERSION = 1.0;
				PRODUCT_BUNDLE_IDENTIFIER = vaibhav.MyGBUStudent2Tests;
				PRODUCT_NAME = "$(TARGET_NAME)";
				SWIFT_EMIT_LOC_STRINGS = NO;
				SWIFT_VERSION = 5.0;
				TARGETED_DEVICE_FAMILY = "1,2";
				TEST_HOST = "$(BUILT_PRODUCTS_DIR)/MyGBUStudent2.app/$(BUNDLE_EXECUTABLE_FOLDER_PATH)/MyGBUStudent2";
			};
			name = Release;
		};
		2226923E2E34068000B33CBF /* Debug */ = {
			isa = XCBuildConfiguration;
			buildSettings = {
				CODE_SIGN_STYLE = Automatic;
				CURRENT_PROJECT_VERSION = 1;
				GENERATE_INFOPLIST_FILE = YES;
				MARKETING_VERSION = 1.0;
				PRODUCT_BUNDLE_IDENTIFIER = vaibhav.MyGBUStudent2UITests;
				PRODUCT_NAME = "$(TARGET_NAME)";
				SWIFT_EMIT_LOC_STRINGS = NO;
				SWIFT_VERSION = 5.0;
				TARGETED_DEVICE_FAMILY = "1,2";
				TEST_TARGET_NAME = MyGBUStudent2;
			};
			name = Debug;
		};
		2226923F2E34068000B33CBF /* Release */ = {
			isa = XCBuildConfiguration;
			buildSettings = {
				CODE_SIGN_STYLE = Automatic;
				CURRENT_PROJECT_VERSION = 1;
				GENERATE_INFOPLIST_FILE = YES;
				MARKETING_VERSION = 1.0;
				PRODUCT_BUNDLE_IDENTIFIER = vaibhav.MyGBUStudent2UITests;
				PRODUCT_NAME = "$(TARGET_NAME)";
				SWIFT_EMIT_LOC_STRINGS = NO;
				SWIFT_VERSION = 5.0;
				TARGETED_DEVICE_FAMILY = "1,2";
				TEST_TARGET_NAME = MyGBUStudent2;
			};
			name = Release;
		};
/* End XCBuildConfiguration section */

/* Begin XCConfigurationList section */
		222692112E34067E00B33CBF /* Build configuration list for PBXProject "MyGBUStudent2" */ = {
			isa = XCConfigurationList;
			buildConfigurations = (
				222692352E34068000B33CBF /* Debug */,
				222692362E34068000B33CBF /* Release */,
			);
			defaultConfigurationIsVisible = 0;
			defaultConfigurationName = Release;
		};
		222692372E34068000B33CBF /* Build configuration list for PBXNativeTarget "MyGBUStudent2" */ = {
			isa = XCConfigurationList;
			buildConfigurations = (
				222692382E34068000B33CBF /* Debug */,
				222692392E34068000B33CBF /* Release */,
			);
			defaultConfigurationIsVisible = 0;
			defaultConfigurationName = Release;
		};
		2226923A2E34068000B33CBF /* Build configuration list for PBXNativeTarget "MyGBUStudent2Tests" */ = {
			isa = XCConfigurationList;
			buildConfigurations = (
				2226923B2E34068000B33CBF /* Debug */,
				2226923C2E34068000B33CBF /* Release */,
			);
			defaultConfigurationIsVisible = 0;
			defaultConfigurationName = Release;
		};
		2226923D2E34068000B33CBF /* Build configuration list for PBXNativeTarget "MyGBUStudent2UITests" */ = {
			isa = XCConfigurationList;
			buildConfigurations = (
				2226923E2E34068000B33CBF /* Debug */,
				2226923F2E34068000B33CBF /* Release */,
			);
			defaultConfigurationIsVisible = 0;
			defaultConfigurationName = Release;
		};
/* End XCConfigurationList section */
	};
	rootObject = 2226920E2E34067E00B33CBF /* Project object */;
}
